
Microsoft Visual Studio Solution File, Format Version 12.00
# Visual Studio Version 17
VisualStudioVersion = 17.14.36414.22 d17.14
MinimumVisualStudioVersion = 10.0.40219.1
Project("{FAE04EC0-301F-11D3-BF4B-00C04F79EFBC}") = "AirLineAnalitics_Server", "AirLineAnalitics_Server.csproj", "{BE135197-8E7B-4B75-9C3F-F6339FE2C191}"
EndProject
Global
	GlobalSection(SolutionConfigurationPlatforms) = preSolution
		Debug|Any CPU = Debug|Any CPU
		Release|Any CPU = Release|Any CPU
	EndGlobalSection
	GlobalSection(ProjectConfigurationPlatforms) = postSolution
		{BE135197-8E7B-4B75-9C3F-F6339FE2C191}.Debug|Any CPU.ActiveCfg = Debug|Any CPU
		{BE135197-8E7B-4B75-9C3F-F6339FE2C191}.Debug|Any CPU.Build.0 = Debug|Any CPU
		{BE135197-8E7B-4B75-9C3F-F6339FE2C191}.Release|Any CPU.ActiveCfg = Release|Any CPU
		{BE135197-8E7B-4B75-9C3F-F6339FE2C191}.Release|Any CPU.Build.0 = Release|Any CPU
	EndGlobalSection
	GlobalSection(SolutionProperties) = preSolution
		HideSolutionNode = FALSE
	EndGlobalSection
	GlobalSection(ExtensibilityGlobals) = postSolution
		SolutionGuid = {AD24E889-35D5-45C0-BF96-F394EEE1822A}
	EndGlobalSection
EndGlobal
